
Microsoft Visual Studio Solution File, Format Version 12.00
# Visual Studio Version 17
VisualStudioVersion = 17.14.36616.10 d17.14
MinimumVisualStudioVersion = 10.0.40219.1
Project("{FAE04EC0-301F-11D3-BF4B-00C04F79EFBC}") = "CareerCompass.API", "CareerCompass.API\CareerCompass.API.csproj", "{04876A49-B55A-485D-9A2F-F2C75FE5F17D}"
EndProject
Global
	GlobalSection(SolutionConfigurationPlatforms) = preSolution
		Debug|Any CPU = Debug|Any CPU
		Release|Any CPU = Release|Any CPU
	EndGlobalSection
	GlobalSection(ProjectConfigurationPlatforms) = postSolution
		{04876A49-B55A-485D-9A2F-F2C75FE5F17D}.Debug|Any CPU.ActiveCfg = Debug|Any CPU
		{04876A49-B55A-485D-9A2F-F2C75FE5F17D}.Debug|Any CPU.Build.0 = Debug|Any CPU
		{04876A49-B55A-485D-9A2F-F2C75FE5F17D}.Release|Any CPU.ActiveCfg = Release|Any CPU
		{04876A49-B55A-485D-9A2F-F2C75FE5F17D}.Release|Any CPU.Build.0 = Release|Any CPU
	EndGlobalSection
	GlobalSection(SolutionProperties) = preSolution
		HideSolutionNode = FALSE
	EndGlobalSection
	GlobalSection(ExtensibilityGlobals) = postSolution
		SolutionGuid = {B04CDD1C-DFEB-4518-8E66-5766AD15E619}
	EndGlobalSection
EndGlobal
